{
  "name": "macrivate",
  "lockfileVersion": 3,
  "requires": true,
  "packages": {
    "": {
      "dependencies": {
        "lucide": "^0.379.0"
      }
    },
    "node_modules/lucide": {
      "version": "0.379.0",
      "resolved": "https://registry.npmjs.org/lucide/-/lucide-0.379.0.tgz",
      "integrity": "sha512-2F7ycF+CAZCLusl4iuhhd0nlS5pTMHwdgY4qehZy5qN14tR+db2GX9nhNzhW3mg73wiDlkrue1khgG1BxVNAZg=="
    }
  }
}
